
Microsoft Visual Studio Solution File, Format Version 12.00
# Visual Studio Version 17
VisualStudioVersion = 17.6.33712.159
MinimumVisualStudioVersion = 10.0.40219.1
Project("{FAE04EC0-301F-11D3-BF4B-00C04F79EFBC}") = "ThePasswordGame_WebMVC", "ThePasswordGame_WebMVC.csproj", "{4F47750A-DB31-40FC-80E5-42E128BFC6B3}"
EndProject
Global
	GlobalSection(SolutionConfigurationPlatforms) = preSolution
		Debug|Any CPU = Debug|Any CPU
		Release|Any CPU = Release|Any CPU
	EndGlobalSection
	GlobalSection(ProjectConfigurationPlatforms) = postSolution
		{4F47750A-DB31-40FC-80E5-42E128BFC6B3}.Debug|Any CPU.ActiveCfg = Debug|Any CPU
		{4F47750A-DB31-40FC-80E5-42E128BFC6B3}.Debug|Any CPU.Build.0 = Debug|Any CPU
		{4F47750A-DB31-40FC-80E5-42E128BFC6B3}.Release|Any CPU.ActiveCfg = Release|Any CPU
		{4F47750A-DB31-40FC-80E5-42E128BFC6B3}.Release|Any CPU.Build.0 = Release|Any CPU
	EndGlobalSection
	GlobalSection(SolutionProperties) = preSolution
		HideSolutionNode = FALSE
	EndGlobalSection
	GlobalSection(ExtensibilityGlobals) = postSolution
		SolutionGuid = {ECBAB268-CCCA-4CD3-9A14-20FDE3774991}
	EndGlobalSection
EndGlobal
